
Microsoft Visual Studio Solution File, Format Version 12.00
# Visual Studio 14
VisualStudioVersion = 14.0.24720.0
MinimumVisualStudioVersion = 10.0.40219.1
Project("{FAE04EC0-301F-11D3-BF4B-00C04F79EFBC}") = "Hub", "Hub\Hub.csproj", "{C000136C-73E7-4859-BADA-56240DAC6E0B}"
EndProject
Project("{FAE04EC0-301F-11D3-BF4B-00C04F79EFBC}") = "DataAccess", "DataAccess\DataAccess.csproj", "{5C9CD5D2-210C-4188-B54E-54CC6D8C79FF}"
EndProject
Project("{FAE04EC0-301F-11D3-BF4B-00C04F79EFBC}") = "Entity", "Entity\Entity.csproj", "{7D57FC33-D5A8-4114-B0B0-591ECAD2B6FD}"
EndProject
Project("{FAE04EC0-301F-11D3-BF4B-00C04F79EFBC}") = "Services", "Services\Services.csproj", "{0080BACB-0B70-4608-AF77-1B6EE174C9CD}"
EndProject
Global
	GlobalSection(SolutionConfigurationPlatforms) = preSolution
		Debug|Any CPU = Debug|Any CPU
		Release|Any CPU = Release|Any CPU
	EndGlobalSection
	GlobalSection(ProjectConfigurationPlatforms) = postSolution
		{C000136C-73E7-4859-BADA-56240DAC6E0B}.Debug|Any CPU.ActiveCfg = Debug|Any CPU
		{C000136C-73E7-4859-BADA-56240DAC6E0B}.Debug|Any CPU.Build.0 = Debug|Any CPU
		{C000136C-73E7-4859-BADA-56240DAC6E0B}.Release|Any CPU.ActiveCfg = Release|Any CPU
		{C000136C-73E7-4859-BADA-56240DAC6E0B}.Release|Any CPU.Build.0 = Release|Any CPU
		{5C9CD5D2-210C-4188-B54E-54CC6D8C79FF}.Debug|Any CPU.ActiveCfg = Debug|Any CPU
		{5C9CD5D2-210C-4188-B54E-54CC6D8C79FF}.Debug|Any CPU.Build.0 = Debug|Any CPU
		{5C9CD5D2-210C-4188-B54E-54CC6D8C79FF}.Release|Any CPU.ActiveCfg = Release|Any CPU
		{5C9CD5D2-210C-4188-B54E-54CC6D8C79FF}.Release|Any CPU.Build.0 = Release|Any CPU
		{7D57FC33-D5A8-4114-B0B0-591ECAD2B6FD}.Debug|Any CPU.ActiveCfg = Debug|Any CPU
		{7D57FC33-D5A8-4114-B0B0-591ECAD2B6FD}.Debug|Any CPU.Build.0 = Debug|Any CPU
		{7D57FC33-D5A8-4114-B0B0-591ECAD2B6FD}.Release|Any CPU.ActiveCfg = Release|Any CPU
		{7D57FC33-D5A8-4114-B0B0-591ECAD2B6FD}.Release|Any CPU.Build.0 = Release|Any CPU
		{0080BACB-0B70-4608-AF77-1B6EE174C9CD}.Debug|Any CPU.ActiveCfg = Debug|Any CPU
		{0080BACB-0B70-4608-AF77-1B6EE174C9CD}.Debug|Any CPU.Build.0 = Debug|Any CPU
		{0080BACB-0B70-4608-AF77-1B6EE174C9CD}.Release|Any CPU.ActiveCfg = Release|Any CPU
		{0080BACB-0B70-4608-AF77-1B6EE174C9CD}.Release|Any CPU.Build.0 = Release|Any CPU
	EndGlobalSection
	GlobalSection(SolutionProperties) = preSolution
		HideSolutionNode = FALSE
	EndGlobalSection
EndGlobal
